PODS:
  - Amplify (1.11.0):
    - Amplify/Default (= 1.11.0)
  - Amplify/Default (1.11.0)
  - amplify_api (0.0.1):
    - Amplify (~> 1.11.0)
    - amplify_core
    - AmplifyPlugins/AWSAPIPlugin (~> 1.11.0)
    - Flutter
  - amplify_auth_cognito (0.0.1):
    - Amplify (~> 1.11.0)
    - amplify_core
    - AmplifyPlugins/AWSCognitoAuthPlugin (~> 1.11.0)
    - Flutter
    - ObjectMapper
  - amplify_core (0.0.1):
    - Flutter
  - amplify_datastore (0.0.1):
    - Amplify (~> 1.11.0)
    - amplify_core
    - AmplifyPlugins/AWSDataStorePlugin (~> 1.11.0)
    - Flutter
  - amplify_flutter (0.0.1):
    - Amplify (~> 1.11.0)
    - amplify_core
    - AmplifyPlugins/AWSCognitoAuthPlugin (~> 1.11.0)
    - AWSPluginsCore (~> 1.11.0)
    - Flutter
  - amplify_storage_s3 (0.0.1):
    - Amplify (~> 1.11.0)
    - amplify_core
    - AmplifyPlugins/AWSS3StoragePlugin (~> 1.11.0)
    - Flutter
  - AmplifyPlugins/AWSAPIPlugin (1.11.0):
    - AppSyncRealTimeClient (~> 1.4)
    - AWSCore (~> 2.24.0)
    - AWSPluginsCore (= 1.11.0)
  - AmplifyPlugins/AWSCognitoAuthPlugin (1.11.0):
    - AWSAuthCore (~> 2.24.0)
    - AWSCognitoIdentityProvider (~> 2.24.0)
    - AWSCognitoIdentityProviderASF (~> 2.24.0)
    - AWSCore (~> 2.24.0)
    - AWSMobileClient (~> 2.24.0)
    - AWSPluginsCore (= 1.11.0)
  - AmplifyPlugins/AWSDataStorePlugin (1.11.0):
    - AWSCore (~> 2.24.0)
    - AWSPluginsCore (= 1.11.0)
    - SQLite.swift (= 0.12.2)
  - AmplifyPlugins/AWSS3StoragePlugin (1.11.0):
    - AWSCore (~> 2.24.0)
    - AWSPluginsCore (= 1.11.0)
    - AWSS3 (~> 2.24.0)
  - AppSyncRealTimeClient (1.5.0):
    - Starscream (~> 3.1.1)
  - audioplayers (0.0.1):
    - Flutter
  - AWSAuthCore (2.24.3):
    - AWSCore (= 2.24.3)
  - AWSCognitoIdentityProvider (2.24.3):
    - AWSCognitoIdentityProviderASF (= 2.24.3)
    - AWSCore (= 2.24.3)
  - AWSCognitoIdentityProviderASF (2.24.3)
  - AWSCore (2.24.3)
  - AWSMobileClient (2.24.3):
    - AWSAuthCore (= 2.24.3)
    - AWSCognitoIdentityProvider (= 2.24.3)
    - AWSCognitoIdentityProviderASF (= 2.24.3)
    - AWSCore (= 2.24.3)
  - AWSPluginsCore (1.11.0):
    - Amplify (= 1.11.0)
    - AWSCore (~> 2.24.0)
  - AWSS3 (2.24.3):
    - AWSCore (= 2.24.3)
  - Flutter (1.0.0)
  - flutter_blue (0.0.1):
    - Flutter
    - flutter_blue/Protos (= 0.0.1)
  - flutter_blue/Protos (0.0.1):
    - Flutter
    - Protobuf (~> 3.11.4)
  - flutter_local_notifications (0.0.1):
    - Flutter
  - flutter_native_timezone (0.0.1):
    - Flutter
  - Google-Mobile-Ads-SDK (8.5.0):
    - GoogleAppMeasurement (< 9.0, >= 7.0)
    - GoogleUserMessagingPlatform (>= 1.1)
  - google_mobile_ads (0.0.1):
    - Flutter
    - Google-Mobile-Ads-SDK (= 8.5.0)
  - GoogleAppMeasurement (8.3.0):
    - GoogleAppMeasurement/AdIdSupport (= 8.3.0)
    - GoogleUtilities/AppDelegateSwizzler (~> 7.4)
    - GoogleUtilities/MethodSwizzler (~> 7.4)
    - GoogleUtilities/Network (~> 7.4)
    - "GoogleUtilities/NSData+zlib (~> 7.4)"
    - nanopb (~> 2.30908.0)
  - GoogleAppMeasurement/AdIdSupport (8.3.0):
    - GoogleUtilities/AppDelegateSwizzler (~> 7.4)
    - GoogleUtilities/MethodSwizzler (~> 7.4)
    - GoogleUtilities/Network (~> 7.4)
    - "GoogleUtilities/NSData+zlib (~> 7.4)"
    - nanopb (~> 2.30908.0)
  - GoogleUserMessagingPlatform (2.0.0)
  - GoogleUtilities/AppDelegateSwizzler (7.5.0):
    - GoogleUtilities/Environment
    - GoogleUtilities/Logger
    - GoogleUtilities/Network
  - GoogleUtilities/Environment (7.5.0):
    - PromisesObjC (< 3.0, >= 1.2)
  - GoogleUtilities/Logger (7.5.0):
    - GoogleUtilities/Environment
  - GoogleUtilities/MethodSwizzler (7.5.0):
    - GoogleUtilities/Logger
  - GoogleUtilities/Network (7.5.0):
    - GoogleUtilities/Logger
    - "GoogleUtilities/NSData+zlib"
    - GoogleUtilities/Reachability
  - "GoogleUtilities/NSData+zlib (7.5.0)"
  - GoogleUtilities/Reachability (7.5.0):
    - GoogleUtilities/Logger
  - nanopb (2.30908.0):
    - nanopb/decode (= 2.30908.0)
    - nanopb/encode (= 2.30908.0)
  - nanopb/decode (2.30908.0)
  - nanopb/encode (2.30908.0)
  - ObjectMapper (4.2.0)
  - path_provider (0.0.1):
    - Flutter
  - PromisesObjC (2.0.0)
  - Protobuf (3.11.4)
  - rate_my_app (1.1.1):
    - Flutter
  - share_plus (0.0.1):
    - Flutter
  - shared_preferences (0.0.1):
    - Flutter
  - SQLite.swift (0.12.2):
    - SQLite.swift/standard (= 0.12.2)
  - SQLite.swift/standard (0.12.2)
  - Starscream (3.1.1)
  - uni_links (0.0.1):
    - Flutter
  - url_launcher (0.0.1):
    - Flutter
  - video_player (0.0.1):
    - Flutter
  - wakelock (0.0.1):
    - Flutter
  - webview_flutter (0.0.1):
    - Flutter

DEPENDENCIES:
  - amplify_api (from `.symlinks/plugins/amplify_api/ios`)
  - amplify_auth_cognito (from `.symlinks/plugins/amplify_auth_cognito/ios`)
  - amplify_core (from `.symlinks/plugins/amplify_core/ios`)
  - amplify_datastore (from `.symlinks/plugins/amplify_datastore/ios`)
  - amplify_flutter (from `.symlinks/plugins/amplify_flutter/ios`)
  - amplify_storage_s3 (from `.symlinks/plugins/amplify_storage_s3/ios`)
  - audioplayers (from `.symlinks/plugins/audioplayers/ios`)
  - Flutter (from `Flutter`)
  - flutter_blue (from `.symlinks/plugins/flutter_blue/ios`)
  - flutter_local_notifications (from `.symlinks/plugins/flutter_local_notifications/ios`)
  - flutter_native_timezone (from `.symlinks/plugins/flutter_native_timezone/ios`)
  - google_mobile_ads (from `.symlinks/plugins/google_mobile_ads/ios`)
  - path_provider (from `.symlinks/plugins/path_provider/ios`)
  - rate_my_app (from `.symlinks/plugins/rate_my_app/ios`)
  - share_plus (from `.symlinks/plugins/share_plus/ios`)
  - shared_preferences (from `.symlinks/plugins/shared_preferences/ios`)
  - uni_links (from `.symlinks/plugins/uni_links/ios`)
  - url_launcher (from `.symlinks/plugins/url_launcher/ios`)
  - video_player (from `.symlinks/plugins/video_player/ios`)
  - wakelock (from `.symlinks/plugins/wakelock/ios`)
  - webview_flutter (from `.symlinks/plugins/webview_flutter/ios`)

SPEC REPOS:
  trunk:
    - Amplify
    - AmplifyPlugins
    - AppSyncRealTimeClient
    - AWSAuthCore
    - AWSCognitoIdentityProvider
    - AWSCognitoIdentityProviderASF
    - AWSCore
    - AWSMobileClient
    - AWSPluginsCore
    - AWSS3
    - Google-Mobile-Ads-SDK
    - GoogleAppMeasurement
    - GoogleUserMessagingPlatform
    - GoogleUtilities
    - nanopb
    - ObjectMapper
    - PromisesObjC
    - Protobuf
    - SQLite.swift
    - Starscream

EXTERNAL SOURCES:
  amplify_api:
    :path: ".symlinks/plugins/amplify_api/ios"
  amplify_auth_cognito:
    :path: ".symlinks/plugins/amplify_auth_cognito/ios"
  amplify_core:
    :path: ".symlinks/plugins/amplify_core/ios"
  amplify_datastore:
    :path: ".symlinks/plugins/amplify_datastore/ios"
  amplify_flutter:
    :path: ".symlinks/plugins/amplify_flutter/ios"
  amplify_storage_s3:
    :path: ".symlinks/plugins/amplify_storage_s3/ios"
  audioplayers:
    :path: ".symlinks/plugins/audioplayers/ios"
  Flutter:
    :path: Flutter
  flutter_blue:
    :path: ".symlinks/plugins/flutter_blue/ios"
  flutter_local_notifications:
    :path: ".symlinks/plugins/flutter_local_notifications/ios"
  flutter_native_timezone:
    :path: ".symlinks/plugins/flutter_native_timezone/ios"
  google_mobile_ads:
    :path: ".symlinks/plugins/google_mobile_ads/ios"
  path_provider:
    :path: ".symlinks/plugins/path_provider/ios"
  rate_my_app:
    :path: ".symlinks/plugins/rate_my_app/ios"
  share_plus:
    :path: ".symlinks/plugins/share_plus/ios"
  shared_preferences:
    :path: ".symlinks/plugins/shared_preferences/ios"
  uni_links:
    :path: ".symlinks/plugins/uni_links/ios"
  url_launcher:
    :path: ".symlinks/plugins/url_launcher/ios"
  video_player:
    :path: ".symlinks/plugins/video_player/ios"
  wakelock:
    :path: ".symlinks/plugins/wakelock/ios"
  webview_flutter:
    :path: ".symlinks/plugins/webview_flutter/ios"

SPEC CHECKSUMS:
  Amplify: cf25ee17b0762b3bacd4d4d49891ddada6bee912
  amplify_api: 5ef7294d41dadf25acb1c145869931d82022a9b2
  amplify_auth_cognito: 38761b51a433d49ecf5927de45488fcbf81a8c29
  amplify_core: 8b38d20089fe4f225c14db6892f586bd03824a42
  amplify_datastore: c0f2bcf9410731862612c986a9f331cb4f8691e4
  amplify_flutter: 77665b732c1b8d04ed7f3eeb5a743f0b75838db1
  amplify_storage_s3: 703f62456f65b84aed6f29d73427ed5581056c00
  AmplifyPlugins: bb73475de41297a7244e8f3fdbf40cdad8115048
  AppSyncRealTimeClient: 2b4482b1770a3e5cf64f9714a6d198550017b5a2
  audioplayers: 455322b54050b30ea4b1af7cd9e9d105f74efa8c
  AWSAuthCore: be26dde8246bb9b90a053a9392e9989149ac87d4
  AWSCognitoIdentityProvider: 35a4d391d10add6293b2e1c9f3ccdb2237ddf8a1
  AWSCognitoIdentityProviderASF: 48ccaa2ad4ecfba86549cb2023583aa073e2dd56
  AWSCore: 759cbae2795ec192546187338bd21066c6b9ec0a
  AWSMobileClient: a16718e842ae5cedc2b68a49f9bdd2e007a159c3
  AWSPluginsCore: 1670f03a8612d60bd84c541ffa34f538e4037052
  AWSS3: a44799bfd359be5810c253c1f8f7a51a9dce9e68
  Flutter: 434fef37c0980e73bb6479ef766c45957d4b510c
  flutter_blue: eeb381dc4727a0954dede73515f683865494b370
  flutter_local_notifications: 0c0b1ae97e741e1521e4c1629a459d04b9aec743
  flutter_native_timezone: 5f05b2de06c9776b4cc70e1839f03de178394d22
  Google-Mobile-Ads-SDK: 6f5c41bf73db1656e5b203ba9c31e3d0899a128d
  google_mobile_ads: b3a22ee82112a9f06eea4435c71a97d104e0d271
  GoogleAppMeasurement: de70802583dedceb0bca18172b345307e8f410b8
  GoogleUserMessagingPlatform: ab890ce5f6620f293a21b6bdd82e416a2c73aeca
  GoogleUtilities: eea970f4a389963963bffe8d8fabe43540678b9c
  nanopb: a0ba3315591a9ae0a16a309ee504766e90db0c96
  ObjectMapper: 1eb41f610210777375fa806bf161dc39fb832b81
  path_provider: abfe2b5c733d04e238b0d8691db0cfd63a27a93c
  PromisesObjC: 68159ce6952d93e17b2dfe273b8c40907db5ba58
  Protobuf: 176220c526ad8bd09ab1fb40a978eac3fef665f7
  rate_my_app: 8e49687f3520c56352f974f0cb401afea07cd496
  share_plus: 056a1e8ac890df3e33cb503afffaf1e9b4fbae68
  shared_preferences: af6bfa751691cdc24be3045c43ec037377ada40d
  SQLite.swift: d2b4642190917051ce6bd1d49aab565fe794eea3
  Starscream: 4bb2f9942274833f7b4d296a55504dcfc7edb7b0
  uni_links: d97da20c7701486ba192624d99bffaaffcfc298a
  url_launcher: 6fef411d543ceb26efce54b05a0a40bfd74cbbef
  video_player: 9cc823b1d9da7e8427ee591e8438bfbcde500e6e
  wakelock: d0fc7c864128eac40eba1617cb5264d9c940b46f
  webview_flutter: 3603125dfd3bcbc9d8d418c3f80aeecf331c068b

PODFILE CHECKSUM: 0a7cb8df82e8de2c7707c399c8e9309150c941ed

COCOAPODS: 1.10.1
